
Microsoft Visual Studio Solution File, Format Version 12.00
# Visual Studio Version 16
VisualStudioVersion = 16.0.30611.23
MinimumVisualStudioVersion = 10.0.40219.1
Project("{FAE04EC0-301F-11D3-BF4B-00C04F79EFBC}") = "NovosysWeb", "NovosysWEB\NovosysWeb.csproj", "{D0AE9148-81EF-4499-8F7D-FF79E37E8EE3}"
EndProject
Project("{FAE04EC0-301F-11D3-BF4B-00C04F79EFBC}") = "ApiNovosys", "ApiNovosys\ApiNovosys.csproj", "{47D5D86A-7B5E-46F1-9E22-64E27759BBED}"
EndProject
Global
	GlobalSection(SolutionConfigurationPlatforms) = preSolution
		Debug|Any CPU = Debug|Any CPU
		Release|Any CPU = Release|Any CPU
	EndGlobalSection
	GlobalSection(ProjectConfigurationPlatforms) = postSolution
		{D0AE9148-81EF-4499-8F7D-FF79E37E8EE3}.Debug|Any CPU.ActiveCfg = Debug|Any CPU
		{D0AE9148-81EF-4499-8F7D-FF79E37E8EE3}.Debug|Any CPU.Build.0 = Debug|Any CPU
		{D0AE9148-81EF-4499-8F7D-FF79E37E8EE3}.Release|Any CPU.ActiveCfg = Release|Any CPU
		{D0AE9148-81EF-4499-8F7D-FF79E37E8EE3}.Release|Any CPU.Build.0 = Release|Any CPU
		{47D5D86A-7B5E-46F1-9E22-64E27759BBED}.Debug|Any CPU.ActiveCfg = Debug|Any CPU
		{47D5D86A-7B5E-46F1-9E22-64E27759BBED}.Debug|Any CPU.Build.0 = Debug|Any CPU
		{47D5D86A-7B5E-46F1-9E22-64E27759BBED}.Release|Any CPU.ActiveCfg = Release|Any CPU
		{47D5D86A-7B5E-46F1-9E22-64E27759BBED}.Release|Any CPU.Build.0 = Release|Any CPU
	EndGlobalSection
	GlobalSection(SolutionProperties) = preSolution
		HideSolutionNode = FALSE
	EndGlobalSection
	GlobalSection(ExtensibilityGlobals) = postSolution
		SolutionGuid = {52C583CD-DA42-4B10-971A-40AACD37C00A}
	EndGlobalSection
EndGlobal
